[[package]]
name = "block-cipher-trait"
version = "0.5.3"
source = "registry+https://github.com/rust-lang/crates.io-index"
dependencies = [
 "generic-array 0.9.0 (registry+https://github.com/rust-lang/crates.io-index)",
]

[[package]]
name = "blowfish"
version = "0.3.0"
source = "registry+https://github.com/rust-lang/crates.io-index"
dependencies = [
 "block-cipher-trait 0.5.3 (registry+https://github.com/rust-lang/crates.io-index)",
 "byte-tools 0.2.0 (registry+https://github.com/rust-lang/crates.io-index)",
 "opaque-debug 0.1.1 (registry+https://github.com/rust-lang/crates.io-index)",
]

[[package]]
name = "blowfish-compat"
version = "0.1.0"
dependencies = [
 "blowfish 0.3.0 (registry+https://github.com/rust-lang/crates.io-index)",
 "bswap 0.4.0 (registry+https://github.com/rust-lang/crates.io-index)",
]

[[package]]
name = "bswap"
version = "0.4.0"
source = "registry+https://github.com/rust-lang/crates.io-index"

[[package]]
name = "byte-tools"
version = "0.2.0"
source = "registry+https://github.com/rust-lang/crates.io-index"

[[package]]
name = "generic-array"
version = "0.9.0"
source = "registry+https://github.com/rust-lang/crates.io-index"
dependencies = [
 "typenum 1.10.0 (registry+https://github.com/rust-lang/crates.io-index)",
]

[[package]]
name = "opaque-debug"
version = "0.1.1"
source = "registry+https://github.com/rust-lang/crates.io-index"

[[package]]
name = "typenum"
version = "1.10.0"
source = "registry+https://github.com/rust-lang/crates.io-index"

[metadata]
"checksum block-cipher-trait 0.5.3 (registry+https://github.com/rust-lang/crates.io-index)" = "370424437b9459f3dfd68428ed9376ddfe03d8b70ede29cc533b3557df186ab4"
"checksum blowfish 0.3.0 (registry+https://github.com/rust-lang/crates.io-index)" = "95ede07672d9f4144c578439aa352604ec5c67a80c940fe8d382ddbeeeb3c6d8"
"checksum bswap 0.4.0 (registry+https://github.com/rust-lang/crates.io-index)" = "1adc2e63da20123aa621f16f382c51711af7b3577fe585afe0b8106231b48eea"
"checksum byte-tools 0.2.0 (registry+https://github.com/rust-lang/crates.io-index)" = "560c32574a12a89ecd91f5e742165893f86e3ab98d21f8ea548658eb9eef5f40"
"checksum generic-array 0.9.0 (registry+https://github.com/rust-lang/crates.io-index)" = "ef25c5683767570c2bbd7deba372926a55eaae9982d7726ee2a1050239d45b9d"
"checksum opaque-debug 0.1.1 (registry+https://github.com/rust-lang/crates.io-index)" = "d620c9c26834b34f039489ac0dfdb12c7ac15ccaf818350a64c9b5334a452ad7"
"checksum typenum 1.10.0 (registry+https://github.com/rust-lang/crates.io-index)" = "612d636f949607bdf9b123b4a6f6d966dedf3ff669f7f045890d3a4a73948169"
